
Microsoft Visual Studio Solution File, Format Version 12.00
# Visual Studio Version 17
VisualStudioVersion = 17.9.34616.47
MinimumVisualStudioVersion = 10.0.40219.1
Project("{FAE04EC0-301F-11D3-BF4B-00C04F79EFBC}") = "designpro", "designpro\designpro.csproj", "{A328C935-E465-43DD-A5C2-4A0AD4B94439}"
EndProject
Global
	GlobalSection(SolutionConfigurationPlatforms) = preSolution
		Debug|Any CPU = Debug|Any CPU
		Release|Any CPU = Release|Any CPU
	EndGlobalSection
	GlobalSection(ProjectConfigurationPlatforms) = postSolution
		{A328C935-E465-43DD-A5C2-4A0AD4B94439}.Debug|Any CPU.ActiveCfg = Debug|Any CPU
		{A328C935-E465-43DD-A5C2-4A0AD4B94439}.Debug|Any CPU.Build.0 = Debug|Any CPU
		{A328C935-E465-43DD-A5C2-4A0AD4B94439}.Release|Any CPU.ActiveCfg = Release|Any CPU
		{A328C935-E465-43DD-A5C2-4A0AD4B94439}.Release|Any CPU.Build.0 = Release|Any CPU
	EndGlobalSection
	GlobalSection(SolutionProperties) = preSolution
		HideSolutionNode = FALSE
	EndGlobalSection
	GlobalSection(ExtensibilityGlobals) = postSolution
		SolutionGuid = {638303CD-6F4B-431B-9E72-61F750BE1FFB}
	EndGlobalSection
EndGlobal
